
Microsoft Visual Studio Solution File, Format Version 12.00
# Visual Studio Version 17
VisualStudioVersion = 17.4.33110.190
MinimumVisualStudioVersion = 10.0.40219.1
Project("{9A19103F-16F7-4668-BE54-9A1E7A4F7556}") = "Day1", "Day1\Day1.csproj", "{5ACE2939-3B30-47D7-87CA-BF82CF3ACAB6}"
EndProject
Project("{9A19103F-16F7-4668-BE54-9A1E7A4F7556}") = "Day2", "Day2\Day2.csproj", "{50BDFF7C-ED7F-4A7B-AE2A-EB135BDAD511}"
EndProject
Global
	GlobalSection(SolutionConfigurationPlatforms) = preSolution
		Debug|Any CPU = Debug|Any CPU
		Release|Any CPU = Release|Any CPU
	EndGlobalSection
	GlobalSection(ProjectConfigurationPlatforms) = postSolution
		{5ACE2939-3B30-47D7-87CA-BF82CF3ACAB6}.Debug|Any CPU.ActiveCfg = Debug|Any CPU
		{5ACE2939-3B30-47D7-87CA-BF82CF3ACAB6}.Debug|Any CPU.Build.0 = Debug|Any CPU
		{5ACE2939-3B30-47D7-87CA-BF82CF3ACAB6}.Release|Any CPU.ActiveCfg = Release|Any CPU
		{5ACE2939-3B30-47D7-87CA-BF82CF3ACAB6}.Release|Any CPU.Build.0 = Release|Any CPU
		{50BDFF7C-ED7F-4A7B-AE2A-EB135BDAD511}.Debug|Any CPU.ActiveCfg = Debug|Any CPU
		{50BDFF7C-ED7F-4A7B-AE2A-EB135BDAD511}.Debug|Any CPU.Build.0 = Debug|Any CPU
		{50BDFF7C-ED7F-4A7B-AE2A-EB135BDAD511}.Release|Any CPU.ActiveCfg = Release|Any CPU
		{50BDFF7C-ED7F-4A7B-AE2A-EB135BDAD511}.Release|Any CPU.Build.0 = Release|Any CPU
	EndGlobalSection
	GlobalSection(SolutionProperties) = preSolution
		HideSolutionNode = FALSE
	EndGlobalSection
	GlobalSection(ExtensibilityGlobals) = postSolution
		SolutionGuid = {AB1B45B5-F619-4D25-85A1-37B248516FA4}
	EndGlobalSection
EndGlobal
